
Microsoft Visual Studio Solution File, Format Version 12.00
# Visual Studio 15
VisualStudioVersion = 15.0.28307.136
MinimumVisualStudioVersion = 10.0.40219.1
Project("{FAE04EC0-301F-11D3-BF4B-00C04F79EFBC}") = "breezenetcore21", "breezenetcore21\breezenetcore21.csproj", "{64501A44-6B5B-4B24-9FB6-8181248B2942}"
EndProject
Global
	GlobalSection(SolutionConfigurationPlatforms) = preSolution
		Debug|Any CPU = Debug|Any CPU
		Release|Any CPU = Release|Any CPU
	EndGlobalSection
	GlobalSection(ProjectConfigurationPlatforms) = postSolution
		{64501A44-6B5B-4B24-9FB6-8181248B2942}.Debug|Any CPU.ActiveCfg = Debug|Any CPU
		{64501A44-6B5B-4B24-9FB6-8181248B2942}.Debug|Any CPU.Build.0 = Debug|Any CPU
		{64501A44-6B5B-4B24-9FB6-8181248B2942}.Release|Any CPU.ActiveCfg = Release|Any CPU
		{64501A44-6B5B-4B24-9FB6-8181248B2942}.Release|Any CPU.Build.0 = Release|Any CPU
	EndGlobalSection
	GlobalSection(SolutionProperties) = preSolution
		HideSolutionNode = FALSE
	EndGlobalSection
	GlobalSection(ExtensibilityGlobals) = postSolution
		SolutionGuid = {3EAC35AC-FC65-49BD-9308-2E740B51FDD5}
	EndGlobalSection
EndGlobal
